
Microsoft Visual Studio Solution File, Format Version 12.00
# Visual Studio 15
VisualStudioVersion = 15.0.26403.7
MinimumVisualStudioVersion = 10.0.40219.1
Project("{FAE04EC0-301F-11D3-BF4B-00C04F79EFBC}") = "PCE_03_VS_2017", "PCE_03_VS_2017.csproj", "{BE7561B3-5B68-47FA-8054-DEF04A0F7614}"
EndProject
Global
	GlobalSection(SolutionConfigurationPlatforms) = preSolution
		Debug|Any CPU = Debug|Any CPU
		Release|Any CPU = Release|Any CPU
	EndGlobalSection
	GlobalSection(ProjectConfigurationPlatforms) = postSolution
		{BE7561B3-5B68-47FA-8054-DEF04A0F7614}.Debug|Any CPU.ActiveCfg = Debug|Any CPU
		{BE7561B3-5B68-47FA-8054-DEF04A0F7614}.Debug|Any CPU.Build.0 = Debug|Any CPU
		{BE7561B3-5B68-47FA-8054-DEF04A0F7614}.Release|Any CPU.ActiveCfg = Release|Any CPU
		{BE7561B3-5B68-47FA-8054-DEF04A0F7614}.Release|Any CPU.Build.0 = Release|Any CPU
	EndGlobalSection
	GlobalSection(SolutionProperties) = preSolution
		HideSolutionNode = FALSE
	EndGlobalSection
EndGlobal
